
Microsoft Visual Studio Solution File, Format Version 12.00
# Visual Studio Version 16
VisualStudioVersion = 16.0.30406.217
MinimumVisualStudioVersion = 10.0.40219.1
Project("{FAE04EC0-301F-11D3-BF4B-00C04F79EFBC}") = "RetirementCalculator", "RetirementCalculator\RetirementCalculator.csproj", "{72822141-5B42-4AC9-8179-196ECA8FD5B0}"
EndProject
Global
	GlobalSection(SolutionConfigurationPlatforms) = preSolution
		Debug|Any CPU = Debug|Any CPU
		Release|Any CPU = Release|Any CPU
	EndGlobalSection
	GlobalSection(ProjectConfigurationPlatforms) = postSolution
		{72822141-5B42-4AC9-8179-196ECA8FD5B0}.Debug|Any CPU.ActiveCfg = Debug|Any CPU
		{72822141-5B42-4AC9-8179-196ECA8FD5B0}.Debug|Any CPU.Build.0 = Debug|Any CPU
		{72822141-5B42-4AC9-8179-196ECA8FD5B0}.Release|Any CPU.ActiveCfg = Release|Any CPU
		{72822141-5B42-4AC9-8179-196ECA8FD5B0}.Release|Any CPU.Build.0 = Release|Any CPU
	EndGlobalSection
	GlobalSection(SolutionProperties) = preSolution
		HideSolutionNode = FALSE
	EndGlobalSection
	GlobalSection(ExtensibilityGlobals) = postSolution
		SolutionGuid = {0DC6C0D3-20EC-45AC-8E74-F23DA78AB366}
	EndGlobalSection
EndGlobal
